
Microsoft Visual Studio Solution File, Format Version 12.00
# Visual Studio Version 17
VisualStudioVersion = 17.11.35327.3
MinimumVisualStudioVersion = 10.0.40219.1
Project("{FAE04EC0-301F-11D3-BF4B-00C04F79EFBC}") = "FerreteriaIMax", "FerreteriaIMax.csproj", "{5381C4E1-7A30-445C-840C-A18C49632CB4}"
EndProject
Global
	GlobalSection(SolutionConfigurationPlatforms) = preSolution
		Debug|Any CPU = Debug|Any CPU
		Release|Any CPU = Release|Any CPU
	EndGlobalSection
	GlobalSection(ProjectConfigurationPlatforms) = postSolution
		{5381C4E1-7A30-445C-840C-A18C49632CB4}.Debug|Any CPU.ActiveCfg = Debug|Any CPU
		{5381C4E1-7A30-445C-840C-A18C49632CB4}.Debug|Any CPU.Build.0 = Debug|Any CPU
		{5381C4E1-7A30-445C-840C-A18C49632CB4}.Release|Any CPU.ActiveCfg = Release|Any CPU
		{5381C4E1-7A30-445C-840C-A18C49632CB4}.Release|Any CPU.Build.0 = Release|Any CPU
	EndGlobalSection
	GlobalSection(SolutionProperties) = preSolution
		HideSolutionNode = FALSE
	EndGlobalSection
	GlobalSection(ExtensibilityGlobals) = postSolution
		SolutionGuid = {B54E5E81-2C6F-4A76-ADA4-F9A012E40854}
	EndGlobalSection
EndGlobal
